// !$*UTF8*$!
{
	archiveVersion = 1;
	classes = {
	};
	objectVersion = 50;
	objects = {

/* Begin PBXBuildFile section */
		AE28571224C41138009EA567 /* TelstraPOCTests.swift in Sources */ = {isa = PBXBuildFile; fileRef = AE28571124C41138009EA567 /* TelstraPOCTests.swift */; };
		AE28571A24C41192009EA567 /* AboutCountryViewModelTest.swift in Sources */ = {isa = PBXBuildFile; fileRef = AE28571924C41192009EA567 /* AboutCountryViewModelTest.swift */; };
		AE28571E24C413E1009EA567 /* NetworkManagerTest.swift in Sources */ = {isa = PBXBuildFile; fileRef = AE28571D24C413E1009EA567 /* NetworkManagerTest.swift */; };
		AE28572424C4155B009EA567 /* AboutCountryJSON.json in Resources */ = {isa = PBXBuildFile; fileRef = AE28572324C4155B009EA567 /* AboutCountryJSON.json */; };
		AE9E8C2E24C2F24D006B4BB5 /* AppDelegate.swift in Sources */ = {isa = PBXBuildFile; fileRef = AE9E8C2D24C2F24D006B4BB5 /* AppDelegate.swift */; };
		AE9E8C3024C2F24D006B4BB5 /* SceneDelegate.swift in Sources */ = {isa = PBXBuildFile; fileRef = AE9E8C2F24C2F24D006B4BB5 /* SceneDelegate.swift */; };
		AE9E8C3724C2F250006B4BB5 /* Assets.xcassets in Resources */ = {isa = PBXBuildFile; fileRef = AE9E8C3624C2F250006B4BB5 /* Assets.xcassets */; };
		AE9E8C3A24C2F250006B4BB5 /* LaunchScreen.storyboard in Resources */ = {isa = PBXBuildFile; fileRef = AE9E8C3824C2F250006B4BB5 /* LaunchScreen.storyboard */; };
		AE9E8C6724C33057006B4BB5 /* NetworkRequestPath.swift in Sources */ = {isa = PBXBuildFile; fileRef = AE9E8C5824C33057006B4BB5 /* NetworkRequestPath.swift */; };
		AE9E8C6824C33057006B4BB5 /* NetworkResponse.swift in Sources */ = {isa = PBXBuildFile; fileRef = AE9E8C5924C33057006B4BB5 /* NetworkResponse.swift */; };
		AE9E8C6924C33057006B4BB5 /* NetworkManager.swift in Sources */ = {isa = PBXBuildFile; fileRef = AE9E8C5A24C33057006B4BB5 /* NetworkManager.swift */; };
		AE9E8C6A24C33057006B4BB5 /* SessionManager.swift in Sources */ = {isa = PBXBuildFile; fileRef = AE9E8C5B24C33057006B4BB5 /* SessionManager.swift */; };
		AE9E8C6B24C33057006B4BB5 /* NetworkError.swift in Sources */ = {isa = PBXBuildFile; fileRef = AE9E8C5C24C33057006B4BB5 /* NetworkError.swift */; };
		AE9E8C6C24C33057006B4BB5 /* Logger.swift in Sources */ = {isa = PBXBuildFile; fileRef = AE9E8C5E24C33057006B4BB5 /* Logger.swift */; };
		AE9E8C6D24C33057006B4BB5 /* AboutCountryViewModel.swift in Sources */ = {isa = PBXBuildFile; fileRef = AE9E8C6224C33057006B4BB5 /* AboutCountryViewModel.swift */; };
		AE9E8C6E24C33057006B4BB5 /* CountryInfoCellViewModel.swift in Sources */ = {isa = PBXBuildFile; fileRef = AE9E8C6324C33057006B4BB5 /* CountryInfoCellViewModel.swift */; };
		AE9E8C6F24C33057006B4BB5 /* AboutCountryViewController.swift in Sources */ = {isa = PBXBuildFile; fileRef = AE9E8C6424C33057006B4BB5 /* AboutCountryViewController.swift */; };
		AE9E8C7024C33057006B4BB5 /* AboutCountry.swift in Sources */ = {isa = PBXBuildFile; fileRef = AE9E8C6624C33057006B4BB5 /* AboutCountry.swift */; };
		AE9E8C7324C33774006B4BB5 /* CountryInfoTableViewCell.swift in Sources */ = {isa = PBXBuildFile; fileRef = AE9E8C7224C33774006B4BB5 /* CountryInfoTableViewCell.swift */; };
		AE9E8C7624C353E7006B4BB5 /* View.swift in Sources */ = {isa = PBXBuildFile; fileRef = AE9E8C7524C353E7006B4BB5 /* View.swift */; };
		AE9E8C8B24C37824006B4BB5 /* InfoImageDownloader.swift in Sources */ = {isa = PBXBuildFile; fileRef = AE9E8C8A24C37824006B4BB5 /* InfoImageDownloader.swift */; };
		AE9E8C8D24C379D5006B4BB5 /* InfoImageDownloadingOperation.swift in Sources */ = {isa = PBXBuildFile; fileRef = AE9E8C8C24C379D5006B4BB5 /* InfoImageDownloadingOperation.swift */; };
/* End PBXBuildFile section */

/* Begin PBXContainerItemProxy section */
		AE28571424C41138009EA567 /* PBXContainerItemProxy */ = {
			isa = PBXContainerItemProxy;
			containerPortal = AE9E8C2224C2F24D006B4BB5 /* Project object */;
			proxyType = 1;
			remoteGlobalIDString = AE9E8C2924C2F24D006B4BB5;
			remoteInfo = TelstraPOC;
		};
/* End PBXContainerItemProxy section */

/* Begin PBXFileReference section */
		AE28570F24C41138009EA567 /* TelstraPOCTests.xctest */ = {isa = PBXFileReference; explicitFileType = wrapper.cfbundle; includeInIndex = 0; path = TelstraPOCTests.xctest; sourceTree = BUILT_PRODUCTS_DIR; };
		AE28571124C41138009EA567 /* TelstraPOCTests.swift */ = {isa = PBXFileReference; lastKnownFileType = sourcecode.swift; path = TelstraPOCTests.swift; sourceTree = "<group>"; };
		AE28571324C41138009EA567 /* Info.plist */ = {isa = PBXFileReference; lastKnownFileType = text.plist.xml; path = Info.plist; sourceTree = "<group>"; };
		AE28571924C41192009EA567 /* AboutCountryViewModelTest.swift */ = {isa = PBXFileReference; lastKnownFileType = sourcecode.swift; path = AboutCountryViewModelTest.swift; sourceTree = "<group>"; };
		AE28571D24C413E1009EA567 /* NetworkManagerTest.swift */ = {isa = PBXFileReference; lastKnownFileType = sourcecode.swift; path = NetworkManagerTest.swift; sourceTree = "<group>"; };
		AE28572324C4155B009EA567 /* AboutCountryJSON.json */ = {isa = PBXFileReference; fileEncoding = 4; lastKnownFileType = text.json; path = AboutCountryJSON.json; sourceTree = "<group>"; };
		AE9E8C2A24C2F24D006B4BB5 /* TelstraPOC.app */ = {isa = PBXFileReference; explicitFileType = wrapper.application; includeInIndex = 0; path = TelstraPOC.app; sourceTree = BUILT_PRODUCTS_DIR; };
		AE9E8C2D24C2F24D006B4BB5 /* AppDelegate.swift */ = {isa = PBXFileReference; lastKnownFileType = sourcecode.swift; path = AppDelegate.swift; sourceTree = "<group>"; };
		AE9E8C2F24C2F24D006B4BB5 /* SceneDelegate.swift */ = {isa = PBXFileReference; lastKnownFileType = sourcecode.swift; path = SceneDelegate.swift; sourceTree = "<group>"; };
		AE9E8C3624C2F250006B4BB5 /* Assets.xcassets */ = {isa = PBXFileReference; lastKnownFileType = folder.assetcatalog; path = Assets.xcassets; sourceTree = "<group>"; };
		AE9E8C3924C2F250006B4BB5 /* Base */ = {isa = PBXFileReference; lastKnownFileType = file.storyboard; name = Base; path = Base.lproj/LaunchScreen.storyboard; sourceTree = "<group>"; };
		AE9E8C3B24C2F250006B4BB5 /* Info.plist */ = {isa = PBXFileReference; lastKnownFileType = text.plist.xml; path = Info.plist; sourceTree = "<group>"; };
		AE9E8C5824C33057006B4BB5 /* NetworkRequestPath.swift */ = {isa = PBXFileReference; fileEncoding = 4; lastKnownFileType = sourcecode.swift; path = NetworkRequestPath.swift; sourceTree = "<group>"; };
		AE9E8C5924C33057006B4BB5 /* NetworkResponse.swift */ = {isa = PBXFileReference; fileEncoding = 4; lastKnownFileType = sourcecode.swift; path = NetworkResponse.swift; sourceTree = "<group>"; };
		AE9E8C5A24C33057006B4BB5 /* NetworkManager.swift */ = {isa = PBXFileReference; fileEncoding = 4; lastKnownFileType = sourcecode.swift; path = NetworkManager.swift; sourceTree = "<group>"; };
		AE9E8C5B24C33057006B4BB5 /* SessionManager.swift */ = {isa = PBXFileReference; fileEncoding = 4; lastKnownFileType = sourcecode.swift; path = SessionManager.swift; sourceTree = "<group>"; };
		AE9E8C5C24C33057006B4BB5 /* NetworkError.swift */ = {isa = PBXFileReference; fileEncoding = 4; lastKnownFileType = sourcecode.swift; path = NetworkError.swift; sourceTree = "<group>"; };
		AE9E8C5E24C33057006B4BB5 /* Logger.swift */ = {isa = PBXFileReference; fileEncoding = 4; lastKnownFileType = sourcecode.swift; path = Logger.swift; sourceTree = "<group>"; };
		AE9E8C6224C33057006B4BB5 /* AboutCountryViewModel.swift */ = {isa = PBXFileReference; fileEncoding = 4; lastKnownFileType = sourcecode.swift; path = AboutCountryViewModel.swift; sourceTree = "<group>"; };
		AE9E8C6324C33057006B4BB5 /* CountryInfoCellViewModel.swift */ = {isa = PBXFileReference; fileEncoding = 4; lastKnownFileType = sourcecode.swift; path = CountryInfoCellViewModel.swift; sourceTree = "<group>"; };
		AE9E8C6424C33057006B4BB5 /* AboutCountryViewController.swift */ = {isa = PBXFileReference; fileEncoding = 4; lastKnownFileType = sourcecode.swift; path = AboutCountryViewController.swift; sourceTree = "<group>"; };
		AE9E8C6624C33057006B4BB5 /* AboutCountry.swift */ = {isa = PBXFileReference; fileEncoding = 4; lastKnownFileType = sourcecode.swift; path = AboutCountry.swift; sourceTree = "<group>"; };
		AE9E8C7224C33774006B4BB5 /* CountryInfoTableViewCell.swift */ = {isa = PBXFileReference; lastKnownFileType = sourcecode.swift; path = CountryInfoTableViewCell.swift; sourceTree = "<group>"; };
		AE9E8C7524C353E7006B4BB5 /* View.swift */ = {isa = PBXFileReference; lastKnownFileType = sourcecode.swift; path = View.swift; sourceTree = "<group>"; };
		AE9E8C8A24C37824006B4BB5 /* InfoImageDownloader.swift */ = {isa = PBXFileReference; lastKnownFileType = sourcecode.swift; path = InfoImageDownloader.swift; sourceTree = "<group>"; };
		AE9E8C8C24C379D5006B4BB5 /* InfoImageDownloadingOperation.swift */ = {isa = PBXFileReference; lastKnownFileType = sourcecode.swift; path = InfoImageDownloadingOperation.swift; sourceTree = "<group>"; };
/* End PBXFileReference section */

/* Begin PBXFrameworksBuildPhase section */
		AE28570C24C41138009EA567 /* Frameworks */ = {
			isa = PBXFrameworksBuildPhase;
			buildActionMask = 2147483647;
			files = (
			);
			runOnlyForDeploymentPostprocessing = 0;
		};
		AE9E8C2724C2F24D006B4BB5 /* Frameworks */ = {
			isa = PBXFrameworksBuildPhase;
			buildActionMask = 2147483647;
			files = (
			);
			runOnlyForDeploymentPostprocessing = 0;
		};
/* End PBXFrameworksBuildPhase section */

/* Begin PBXGroup section */
		AE28571024C41138009EA567 /* TelstraPOCTests */ = {
			isa = PBXGroup;
			children = (
				AE28572324C4155B009EA567 /* AboutCountryJSON.json */,
				AE28571124C41138009EA567 /* TelstraPOCTests.swift */,
				AE28571924C41192009EA567 /* AboutCountryViewModelTest.swift */,
				AE28571D24C413E1009EA567 /* NetworkManagerTest.swift */,
				AE28571324C41138009EA567 /* Info.plist */,
			);
			path = TelstraPOCTests;
			sourceTree = "<group>";
		};
		AE9E8C2124C2F24D006B4BB5 = {
			isa = PBXGroup;
			children = (
				AE9E8C2C24C2F24D006B4BB5 /* TelstraPOC */,
				AE28571024C41138009EA567 /* TelstraPOCTests */,
				AE9E8C2B24C2F24D006B4BB5 /* Products */,
			);
			sourceTree = "<group>";
		};
		AE9E8C2B24C2F24D006B4BB5 /* Products */ = {
			isa = PBXGroup;
			children = (
				AE9E8C2A24C2F24D006B4BB5 /* TelstraPOC.app */,
				AE28570F24C41138009EA567 /* TelstraPOCTests.xctest */,
			);
			name = Products;
			sourceTree = "<group>";
		};
		AE9E8C2C24C2F24D006B4BB5 /* TelstraPOC */ = {
			isa = PBXGroup;
			children = (
				AE9E8C5D24C33057006B4BB5 /* Logger */,
				AE9E8C5F24C33057006B4BB5 /* Module */,
				AE9E8C5724C33057006B4BB5 /* Network */,
				AE9E8C7424C353DF006B4BB5 /* Extension */,
				AE9E8C2D24C2F24D006B4BB5 /* AppDelegate.swift */,
				AE9E8C2F24C2F24D006B4BB5 /* SceneDelegate.swift */,
				AE9E8C3624C2F250006B4BB5 /* Assets.xcassets */,
				AE9E8C3824C2F250006B4BB5 /* LaunchScreen.storyboard */,
				AE9E8C3B24C2F250006B4BB5 /* Info.plist */,
			);
			path = TelstraPOC;
			sourceTree = "<group>";
		};
		AE9E8C5724C33057006B4BB5 /* Network */ = {
			isa = PBXGroup;
			children = (
				AE9E8C5824C33057006B4BB5 /* NetworkRequestPath.swift */,
				AE9E8C5924C33057006B4BB5 /* NetworkResponse.swift */,
				AE9E8C5A24C33057006B4BB5 /* NetworkManager.swift */,
				AE9E8C5B24C33057006B4BB5 /* SessionManager.swift */,
				AE9E8C5C24C33057006B4BB5 /* NetworkError.swift */,
			);
			path = Network;
			sourceTree = "<group>";
		};
		AE9E8C5D24C33057006B4BB5 /* Logger */ = {
			isa = PBXGroup;
			children = (
				AE9E8C5E24C33057006B4BB5 /* Logger.swift */,
			);
			path = Logger;
			sourceTree = "<group>";
		};
		AE9E8C5F24C33057006B4BB5 /* Module */ = {
			isa = PBXGroup;
			children = (
				AE9E8C6024C33057006B4BB5 /* AboutCountry */,
			);
			path = Module;
			sourceTree = "<group>";
		};
		AE9E8C6024C33057006B4BB5 /* AboutCountry */ = {
			isa = PBXGroup;
			children = (
				AE9E8C6424C33057006B4BB5 /* AboutCountryViewController.swift */,
				AE9E8C8924C37816006B4BB5 /* Downloader */,
				AE9E8C7124C3373A006B4BB5 /* View */,
				AE9E8C6124C33057006B4BB5 /* ViewModel */,
				AE9E8C6524C33057006B4BB5 /* Model */,
			);
			path = AboutCountry;
			sourceTree = "<group>";
		};
		AE9E8C6124C33057006B4BB5 /* ViewModel */ = {
			isa = PBXGroup;
			children = (
				AE9E8C6224C33057006B4BB5 /* AboutCountryViewModel.swift */,
				AE9E8C6324C33057006B4BB5 /* CountryInfoCellViewModel.swift */,
			);
			path = ViewModel;
			sourceTree = "<group>";
		};
		AE9E8C6524C33057006B4BB5 /* Model */ = {
			isa = PBXGroup;
			children = (
				AE9E8C6624C33057006B4BB5 /* AboutCountry.swift */,
			);
			path = Model;
			sourceTree = "<group>";
		};
		AE9E8C7124C3373A006B4BB5 /* View */ = {
			isa = PBXGroup;
			children = (
				AE9E8C7224C33774006B4BB5 /* CountryInfoTableViewCell.swift */,
			);
			path = View;
			sourceTree = "<group>";
		};
		AE9E8C7424C353DF006B4BB5 /* Extension */ = {
			isa = PBXGroup;
			children = (
				AE9E8C7524C353E7006B4BB5 /* View.swift */,
			);
			path = Extension;
			sourceTree = "<group>";
		};
		AE9E8C8924C37816006B4BB5 /* Downloader */ = {
			isa = PBXGroup;
			children = (
				AE9E8C8A24C37824006B4BB5 /* InfoImageDownloader.swift */,
				AE9E8C8C24C379D5006B4BB5 /* InfoImageDownloadingOperation.swift */,
			);
			path = Downloader;
			sourceTree = "<group>";
		};
/* End PBXGroup section */

/* Begin PBXNativeTarget section */
		AE28570E24C41138009EA567 /* TelstraPOCTests */ = {
			isa = PBXNativeTarget;
			buildConfigurationList = AE28571624C41138009EA567 /* Build configuration list for PBXNativeTarget "TelstraPOCTests" */;
			buildPhases = (
				AE28570B24C41138009EA567 /* Sources */,
				AE28570C24C41138009EA567 /* Frameworks */,
				AE28570D24C41138009EA567 /* Resources */,
			);
			buildRules = (
			);
			dependencies = (
				AE28571524C41138009EA567 /* PBXTargetDependency */,
			);
			name = TelstraPOCTests;
			productName = TelstraPOCTests;
			productReference = AE28570F24C41138009EA567 /* TelstraPOCTests.xctest */;
			productType = "com.apple.product-type.bundle.unit-test";
		};
		AE9E8C2924C2F24D006B4BB5 /* TelstraPOC */ = {
			isa = PBXNativeTarget;
			buildConfigurationList = AE9E8C3E24C2F250006B4BB5 /* Build configuration list for PBXNativeTarget "TelstraPOC" */;
			buildPhases = (
				AE9E8C2624C2F24D006B4BB5 /* Sources */,
				AE9E8C2724C2F24D006B4BB5 /* Frameworks */,
				AE9E8C2824C2F24D006B4BB5 /* Resources */,
			);
			buildRules = (
			);
			dependencies = (
			);
			name = TelstraPOC;
			productName = TelstraPOC;
			productReference = AE9E8C2A24C2F24D006B4BB5 /* TelstraPOC.app */;
			productType = "com.apple.product-type.application";
		};
/* End PBXNativeTarget section */

/* Begin PBXProject section */
		AE9E8C2224C2F24D006B4BB5 /* Project object */ = {
			isa = PBXProject;
			attributes = {
				LastSwiftUpdateCheck = 1140;
				LastUpgradeCheck = 1140;
				ORGANIZATIONNAME = "Guchhait, Saikat";
				TargetAttributes = {
					AE28570E24C41138009EA567 = {
						CreatedOnToolsVersion = 11.4.1;
						TestTargetID = AE9E8C2924C2F24D006B4BB5;
					};
					AE9E8C2924C2F24D006B4BB5 = {
						CreatedOnToolsVersion = 11.4.1;
					};
				};
			};
			buildConfigurationList = AE9E8C2524C2F24D006B4BB5 /* Build configuration list for PBXProject "TelstraPOC" */;
			compatibilityVersion = "Xcode 9.3";
			developmentRegion = en;
			hasScannedForEncodings = 0;
			knownRegions = (
				en,
				Base,
			);
			mainGroup = AE9E8C2124C2F24D006B4BB5;
			productRefGroup = AE9E8C2B24C2F24D006B4BB5 /* Products */;
			projectDirPath = "";
			projectRoot = "";
			targets = (
				AE9E8C2924C2F24D006B4BB5 /* TelstraPOC */,
				AE28570E24C41138009EA567 /* TelstraPOCTests */,
			);
		};
/* End PBXProject section */

/* Begin PBXResourcesBuildPhase section */
		AE28570D24C41138009EA567 /* Resources */ = {
			isa = PBXResourcesBuildPhase;
			buildActionMask = 2147483647;
			files = (
				AE28572424C4155B009EA567 /* AboutCountryJSON.json in Resources */,
			);
			runOnlyForDeploymentPostprocessing = 0;
		};
		AE9E8C2824C2F24D006B4BB5 /* Resources */ = {
			isa = PBXResourcesBuildPhase;
			buildActionMask = 2147483647;
			files = (
				AE9E8C3A24C2F250006B4BB5 /* LaunchScreen.storyboard in Resources */,
				AE9E8C3724C2F250006B4BB5 /* Assets.xcassets in Resources */,
			);
			runOnlyForDeploymentPostprocessing = 0;
		};
/* End PBXResourcesBuildPhase section */

/* Begin PBXSourcesBuildPhase section */
		AE28570B24C41138009EA567 /* Sources */ = {
			isa = PBXSourcesBuildPhase;
			buildActionMask = 2147483647;
			files = (
				AE28571E24C413E1009EA567 /* NetworkManagerTest.swift in Sources */,
				AE28571224C41138009EA567 /* TelstraPOCTests.swift in Sources */,
				AE28571A24C41192009EA567 /* AboutCountryViewModelTest.swift in Sources */,
			);
			runOnlyForDeploymentPostprocessing = 0;
		};
		AE9E8C2624C2F24D006B4BB5 /* Sources */ = {
			isa = PBXSourcesBuildPhase;
			buildActionMask = 2147483647;
			files = (
				AE9E8C7024C33057006B4BB5 /* AboutCountry.swift in Sources */,
				AE9E8C8B24C37824006B4BB5 /* InfoImageDownloader.swift in Sources */,
				AE9E8C2E24C2F24D006B4BB5 /* AppDelegate.swift in Sources */,
				AE9E8C6F24C33057006B4BB5 /* AboutCountryViewController.swift in Sources */,
				AE9E8C8D24C379D5006B4BB5 /* InfoImageDownloadingOperation.swift in Sources */,
				AE9E8C6E24C33057006B4BB5 /* CountryInfoCellViewModel.swift in Sources */,
				AE9E8C6B24C33057006B4BB5 /* NetworkError.swift in Sources */,
				AE9E8C6824C33057006B4BB5 /* NetworkResponse.swift in Sources */,
				AE9E8C6A24C33057006B4BB5 /* SessionManager.swift in Sources */,
				AE9E8C6924C33057006B4BB5 /* NetworkManager.swift in Sources */,
				AE9E8C3024C2F24D006B4BB5 /* SceneDelegate.swift in Sources */,
				AE9E8C6D24C33057006B4BB5 /* AboutCountryViewModel.swift in Sources */,
				AE9E8C6724C33057006B4BB5 /* NetworkRequestPath.swift in Sources */,
				AE9E8C7324C33774006B4BB5 /* CountryInfoTableViewCell.swift in Sources */,
				AE9E8C7624C353E7006B4BB5 /* View.swift in Sources */,
				AE9E8C6C24C33057006B4BB5 /* Logger.swift in Sources */,
			);
			runOnlyForDeploymentPostprocessing = 0;
		};
/* End PBXSourcesBuildPhase section */

/* Begin PBXTargetDependency section */
		AE28571524C41138009EA567 /* PBXTargetDependency */ = {
			isa = PBXTargetDependency;
			target = AE9E8C2924C2F24D006B4BB5 /* TelstraPOC */;
			targetProxy = AE28571424C41138009EA567 /* PBXContainerItemProxy */;
		};
/* End PBXTargetDependency section */

/* Begin PBXVariantGroup section */
		AE9E8C3824C2F250006B4BB5 /* LaunchScreen.storyboard */ = {
			isa = PBXVariantGroup;
			children = (
				AE9E8C3924C2F250006B4BB5 /* Base */,
			);
			name = LaunchScreen.storyboard;
			sourceTree = "<group>";
		};
/* End PBXVariantGroup section */

/* Begin XCBuildConfiguration section */
		AE28571724C41138009EA567 /* Debug */ = {
			isa = XCBuildConfiguration;
			buildSettings = {
				BUNDLE_LOADER = "$(TEST_HOST)";
				CODE_SIGN_STYLE = Automatic;
				DEVELOPMENT_TEAM = S2CD8KZ9GN;
				INFOPLIST_FILE = TelstraPOCTests/Info.plist;
				LD_RUNPATH_SEARCH_PATHS = (
					"$(inherited)",
					"@executable_path/Frameworks",
					"@loader_path/Frameworks",
				);
				PRODUCT_BUNDLE_IDENTIFIER = com.practice.TelstraPOCTests;
				PRODUCT_NAME = "$(TARGET_NAME)";
				SWIFT_VERSION = 5.0;
				TARGETED_DEVICE_FAMILY = "1,2";
				TEST_HOST = "$(BUILT_PRODUCTS_DIR)/TelstraPOC.app/TelstraPOC";
			};
			name = Debug;
		};
		AE28571824C41138009EA567 /* Release */ = {
			isa = XCBuildConfiguration;
			buildSettings = {
				BUNDLE_LOADER = "$(TEST_HOST)";
				CODE_SIGN_STYLE = Automatic;
				DEVELOPMENT_TEAM = S2CD8KZ9GN;
				INFOPLIST_FILE = TelstraPOCTests/Info.plist;
				LD_RUNPATH_SEARCH_PATHS = (
					"$(inherited)",
					"@executable_path/Frameworks",
					"@loader_path/Frameworks",
				);
				PRODUCT_BUNDLE_IDENTIFIER = com.practice.TelstraPOCTests;
				PRODUCT_NAME = "$(TARGET_NAME)";
				SWIFT_VERSION = 5.0;
				TARGETED_DEVICE_FAMILY = "1,2";
				TEST_HOST = "$(BUILT_PRODUCTS_DIR)/TelstraPOC.app/TelstraPOC";
			};
			name = Release;
		};
		AE9E8C3C24C2F250006B4BB5 /* Debug */ = {
			isa = XCBuildConfiguration;
			buildSettings = {
				ALWAYS_SEARCH_USER_PATHS = NO;
				CLANG_ANALYZER_NONNULL = YES;
				CLANG_ANALYZER_NUMBER_OBJECT_CONVERSION = YES_AGGRESSIVE;
				CLANG_CXX_LANGUAGE_STANDARD = "gnu++14";
				CLANG_CXX_LIBRARY = "libc++";
				CLANG_ENABLE_MODULES = YES;
				CLANG_ENABLE_OBJC_ARC = YES;
				CLANG_ENABLE_OBJC_WEAK = YES;
				CLANG_WARN_BLOCK_CAPTURE_AUTORELEASING = YES;
				CLANG_WARN_BOOL_CONVERSION = YES;
				CLANG_WARN_COMMA = YES;
				CLANG_WARN_CONSTANT_CONVERSION = YES;
				CLANG_WARN_DEPRECATED_OBJC_IMPLEMENTATIONS = YES;
				CLANG_WARN_DIRECT_OBJC_ISA_USAGE = YES_ERROR;
				CLANG_WARN_DOCUMENTATION_COMMENTS = YES;
				CLANG_WARN_EMPTY_BODY = YES;
				CLANG_WARN_ENUM_CONVERSION = YES;
				CLANG_WARN_INFINITE_RECURSION = YES;
				CLANG_WARN_INT_CONVERSION = YES;
				CLANG_WARN_NON_LITERAL_NULL_CONVERSION = YES;
				CLANG_WARN_OBJC_IMPLICIT_RETAIN_SELF = YES;
				CLANG_WARN_OBJC_LITERAL_CONVERSION = YES;
				CLANG_WARN_OBJC_ROOT_CLASS = YES_ERROR;
				CLANG_WARN_RANGE_LOOP_ANALYSIS = YES;
				CLANG_WARN_STRICT_PROTOTYPES = YES;
				CLANG_WARN_SUSPICIOUS_MOVE = YES;
				CLANG_WARN_UNGUARDED_AVAILABILITY = YES_AGGRESSIVE;
				CLANG_WARN_UNREACHABLE_CODE = YES;
				CLANG_WARN__DUPLICATE_METHOD_MATCH = YES;
				COPY_PHASE_STRIP = NO;
				DEBUG_INFORMATION_FORMAT = dwarf;
				ENABLE_STRICT_OBJC_MSGSEND = YES;
				ENABLE_TESTABILITY = YES;
				GCC_C_LANGUAGE_STANDARD = gnu11;
				GCC_DYNAMIC_NO_PIC = NO;
				GCC_NO_COMMON_BLOCKS = YES;
				GCC_OPTIMIZATION_LEVEL = 0;
				GCC_PREPROCESSOR_DEFINITIONS = (
					"DEBUG=1",
					"$(inherited)",
				);
				GCC_WARN_64_TO_32_BIT_CONVERSION = YES;
				GCC_WARN_ABOUT_RETURN_TYPE = YES_ERROR;
				GCC_WARN_UNDECLARED_SELECTOR = YES;
				GCC_WARN_UNINITIALIZED_AUTOS = YES_AGGRESSIVE;
				GCC_WARN_UNUSED_FUNCTION = YES;
				GCC_WARN_UNUSED_VARIABLE = YES;
				IPHONEOS_DEPLOYMENT_TARGET = 13.4;
				MTL_ENABLE_DEBUG_INFO = INCLUDE_SOURCE;
				MTL_FAST_MATH = YES;
				ONLY_ACTIVE_ARCH = YES;
				SDKROOT = iphoneos;
				SWIFT_ACTIVE_COMPILATION_CONDITIONS = DEBUG;
				SWIFT_OPTIMIZATION_LEVEL = "-Onone";
			};
			name = Debug;
		};
		AE9E8C3D24C2F250006B4BB5 /* Release */ = {
			isa = XCBuildConfiguration;
			buildSettings = {
				ALWAYS_SEARCH_USER_PATHS = NO;
				CLANG_ANALYZER_NONNULL = YES;
				CLANG_ANALYZER_NUMBER_OBJECT_CONVERSION = YES_AGGRESSIVE;
				CLANG_CXX_LANGUAGE_STANDARD = "gnu++14";
				CLANG_CXX_LIBRARY = "libc++";
				CLANG_ENABLE_MODULES = YES;
				CLANG_ENABLE_OBJC_ARC = YES;
				CLANG_ENABLE_OBJC_WEAK = YES;
				CLANG_WARN_BLOCK_CAPTURE_AUTORELEASING = YES;
				CLANG_WARN_BOOL_CONVERSION = YES;
				CLANG_WARN_COMMA = YES;
				CLANG_WARN_CONSTANT_CONVERSION = YES;
				CLANG_WARN_DEPRECATED_OBJC_IMPLEMENTATIONS = YES;
				CLANG_WARN_DIRECT_OBJC_ISA_USAGE = YES_ERROR;
				CLANG_WARN_DOCUMENTATION_COMMENTS = YES;
				CLANG_WARN_EMPTY_BODY = YES;
				CLANG_WARN_ENUM_CONVERSION = YES;
				CLANG_WARN_INFINITE_RECURSION = YES;
				CLANG_WARN_INT_CONVERSION = YES;
				CLANG_WARN_NON_LITERAL_NULL_CONVERSION = YES;
				CLANG_WARN_OBJC_IMPLICIT_RETAIN_SELF = YES;
				CLANG_WARN_OBJC_LITERAL_CONVERSION = YES;
				CLANG_WARN_OBJC_ROOT_CLASS = YES_ERROR;
				CLANG_WARN_RANGE_LOOP_ANALYSIS = YES;
				CLANG_WARN_STRICT_PROTOTYPES = YES;
				CLANG_WARN_SUSPICIOUS_MOVE = YES;
				CLANG_WARN_UNGUARDED_AVAILABILITY = YES_AGGRESSIVE;
				CLANG_WARN_UNREACHABLE_CODE = YES;
				CLANG_WARN__DUPLICATE_METHOD_MATCH = YES;
				COPY_PHASE_STRIP = NO;
				DEBUG_INFORMATION_FORMAT = "dwarf-with-dsym";
				ENABLE_NS_ASSERTIONS = NO;
				ENABLE_STRICT_OBJC_MSGSEND = YES;
				GCC_C_LANGUAGE_STANDARD = gnu11;
				GCC_NO_COMMON_BLOCKS = YES;
				GCC_WARN_64_TO_32_BIT_CONVERSION = YES;
				GCC_WARN_ABOUT_RETURN_TYPE = YES_ERROR;
				GCC_WARN_UNDECLARED_SELECTOR = YES;
				GCC_WARN_UNINITIALIZED_AUTOS = YES_AGGRESSIVE;
				GCC_WARN_UNUSED_FUNCTION = YES;
				GCC_WARN_UNUSED_VARIABLE = YES;
				IPHONEOS_DEPLOYMENT_TARGET = 13.4;
				MTL_ENABLE_DEBUG_INFO = NO;
				MTL_FAST_MATH = YES;
				SDKROOT = iphoneos;
				SWIFT_COMPILATION_MODE = wholemodule;
				SWIFT_OPTIMIZATION_LEVEL = "-O";
				VALIDATE_PRODUCT = YES;
			};
			name = Release;
		};
		AE9E8C3F24C2F250006B4BB5 /* Debug */ = {
			isa = XCBuildConfiguration;
			buildSettings = {
				ASSETCATALOG_COMPILER_APPICON_NAME = AppIcon;
				CODE_SIGN_STYLE = Automatic;
				DEVELOPMENT_TEAM = S2CD8KZ9GN;
				INFOPLIST_FILE = TelstraPOC/Info.plist;
				LD_RUNPATH_SEARCH_PATHS = (
					"$(inherited)",
					"@executable_path/Frameworks",
				);
				PRODUCT_BUNDLE_IDENTIFIER = com.practice.TelstraPOC;
				PRODUCT_NAME = "$(TARGET_NAME)";
				SWIFT_VERSION = 5.0;
				TARGETED_DEVICE_FAMILY = "1,2";
			};
			name = Debug;
		};
		AE9E8C4024C2F250006B4BB5 /* Release */ = {
			isa = XCBuildConfiguration;
			buildSettings = {
				ASSETCATALOG_COMPILER_APPICON_NAME = AppIcon;
				CODE_SIGN_STYLE = Automatic;
				DEVELOPMENT_TEAM = S2CD8KZ9GN;
				INFOPLIST_FILE = TelstraPOC/Info.plist;
				LD_RUNPATH_SEARCH_PATHS = (
					"$(inherited)",
					"@executable_path/Frameworks",
				);
				PRODUCT_BUNDLE_IDENTIFIER = com.practice.TelstraPOC;
				PRODUCT_NAME = "$(TARGET_NAME)";
				SWIFT_VERSION = 5.0;
				TARGETED_DEVICE_FAMILY = "1,2";
			};
			name = Release;
		};
/* End XCBuildConfiguration section */

/* Begin XCConfigurationList section */
		AE28571624C41138009EA567 /* Build configuration list for PBXNativeTarget "TelstraPOCTests" */ = {
			isa = XCConfigurationList;
			buildConfigurations = (
				AE28571724C41138009EA567 /* Debug */,
				AE28571824C41138009EA567 /* Release */,
			);
			defaultConfigurationIsVisible = 0;
			defaultConfigurationName = Release;
		};
		AE9E8C2524C2F24D006B4BB5 /* Build configuration list for PBXProject "TelstraPOC" */ = {
			isa = XCConfigurationList;
			buildConfigurations = (
				AE9E8C3C24C2F250006B4BB5 /* Debug */,
				AE9E8C3D24C2F250006B4BB5 /* Release */,
			);
			defaultConfigurationIsVisible = 0;
			defaultConfigurationName = Release;
		};
		AE9E8C3E24C2F250006B4BB5 /* Build configuration list for PBXNativeTarget "TelstraPOC" */ = {
			isa = XCConfigurationList;
			buildConfigurations = (
				AE9E8C3F24C2F250006B4BB5 /* Debug */,
				AE9E8C4024C2F250006B4BB5 /* Release */,
			);
			defaultConfigurationIsVisible = 0;
			defaultConfigurationName = Release;
		};
/* End XCConfigurationList section */
	};
	rootObject = AE9E8C2224C2F24D006B4BB5 /* Project object */;
}
